// !$*UTF8*$!
{
	archiveVersion = 1;
	classes = {
	};
	objectVersion = 46;
	objects = {

/* Begin PBXBuildFile section */
		6D42F4361A82D479003EC249 /* main.m in Sources */ = {isa = PBXBuildFile; fileRef = 6D42F4351A82D479003EC249 /* main.m */; };
		6D42F4391A82D479003EC249 /* AppDelegate.m in Sources */ = {isa = PBXBuildFile; fileRef = 6D42F4381A82D479003EC249 /* AppDelegate.m */; };
		6D42F43C1A82D479003EC249 /* PlaylistMasterViewController.m in Sources */ = {isa = PBXBuildFile; fileRef = 6D42F43B1A82D479003EC249 /* PlaylistMasterViewController.m */; };
		6D42F43F1A82D479003EC249 /* Main.storyboard in Resources */ = {isa = PBXBuildFile; fileRef = 6D42F43D1A82D479003EC249 /* Main.storyboard */; };
		6D42F4411A82D479003EC249 /* Images.xcassets in Resources */ = {isa = PBXBuildFile; fileRef = 6D42F4401A82D479003EC249 /* Images.xcassets */; };
		6D42F4441A82D479003EC249 /* LaunchScreen.xib in Resources */ = {isa = PBXBuildFile; fileRef = 6D42F4421A82D479003EC249 /* LaunchScreen.xib */; };
		6D42F4501A82D479003EC249 /* AlgorythmTests.m in Sources */ = {isa = PBXBuildFile; fileRef = 6D42F44F1A82D479003EC249 /* AlgorythmTests.m */; };
		6D42F45B1A82E00E003EC249 /* PlaylistDetailViewController.m in Sources */ = {isa = PBXBuildFile; fileRef = 6D42F45A1A82E00E003EC249 /* PlaylistDetailViewController.m */; };
		6D42F4611A855CF3003EC249 /* MusicLibrary.m in Sources */ = {isa = PBXBuildFile; fileRef = 6D42F4601A855CF3003EC249 /* MusicLibrary.m */; };
		6D42F4641A8568E5003EC249 /* Playlist.m in Sources */ = {isa = PBXBuildFile; fileRef = 6D42F4631A8568E5003EC249 /* Playlist.m */; };
/* End PBXBuildFile section */

/* Begin PBXContainerItemProxy section */
		6D42F44A1A82D479003EC249 /* PBXContainerItemProxy */ = {
			isa = PBXContainerItemProxy;
			containerPortal = 6D42F4281A82D479003EC249 /* Project object */;
			proxyType = 1;
			remoteGlobalIDString = 6D42F42F1A82D479003EC249;
			remoteInfo = Algorythm;
		};
/* End PBXContainerItemProxy section */

/* Begin PBXFileReference section */
		6D42F4301A82D479003EC249 /* Algorythm.app */ = {isa = PBXFileReference; explicitFileType = wrapper.application; includeInIndex = 0; path = Algorythm.app; sourceTree = BUILT_PRODUCTS_DIR; };
		6D42F4341A82D479003EC249 /* Info.plist */ = {isa = PBXFileReference; lastKnownFileType = text.plist.xml; path = Info.plist; sourceTree = "<group>"; };
		6D42F4351A82D479003EC249 /* main.m */ = {isa = PBXFileReference; lastKnownFileType = sourcecode.c.objc; path = main.m; sourceTree = "<group>"; };
		6D42F4371A82D479003EC249 /* AppDelegate.h */ = {isa = PBXFileReference; lastKnownFileType = sourcecode.c.h; path = AppDelegate.h; sourceTree = "<group>"; };
		6D42F4381A82D479003EC249 /* AppDelegate.m */ = {isa = PBXFileReference; lastKnownFileType = sourcecode.c.objc; path = AppDelegate.m; sourceTree = "<group>"; };
		6D42F43A1A82D479003EC249 /* PlaylistMasterViewController.h */ = {isa = PBXFileReference; lastKnownFileType = sourcecode.c.h; path = PlaylistMasterViewController.h; sourceTree = "<group>"; };
		6D42F43B1A82D479003EC249 /* PlaylistMasterViewController.m */ = {isa = PBXFileReference; lastKnownFileType = sourcecode.c.objc; path = PlaylistMasterViewController.m; sourceTree = "<group>"; };
		6D42F43E1A82D479003EC249 /* Base */ = {isa = PBXFileReference; lastKnownFileType = file.storyboard; name = Base; path = Base.lproj/Main.storyboard; sourceTree = "<group>"; };
		6D42F4401A82D479003EC249 /* Images.xcassets */ = {isa = PBXFileReference; lastKnownFileType = folder.assetcatalog; path = Images.xcassets; sourceTree = "<group>"; };
		6D42F4431A82D479003EC249 /* Base */ = {isa = PBXFileReference; lastKnownFileType = file.xib; name = Base; path = Base.lproj/LaunchScreen.xib; sourceTree = "<group>"; };
		6D42F4491A82D479003EC249 /* AlgorythmTests.xctest */ = {isa = PBXFileReference; explicitFileType = wrapper.cfbundle; includeInIndex = 0; path = AlgorythmTests.xctest; sourceTree = BUILT_PRODUCTS_DIR; };
		6D42F44E1A82D479003EC249 /* Info.plist */ = {isa = PBXFileReference; lastKnownFileType = text.plist.xml; path = Info.plist; sourceTree = "<group>"; };
		6D42F44F1A82D479003EC249 /* AlgorythmTests.m */ = {isa = PBXFileReference; lastKnownFileType = sourcecode.c.objc; path = AlgorythmTests.m; sourceTree = "<group>"; };
		6D42F4591A82E00E003EC249 /* PlaylistDetailViewController.h */ = {isa = PBXFileReference; fileEncoding = 4; lastKnownFileType = sourcecode.c.h; path = PlaylistDetailViewController.h; sourceTree = "<group>"; };
		6D42F45A1A82E00E003EC249 /* PlaylistDetailViewController.m */ = {isa = PBXFileReference; fileEncoding = 4; lastKnownFileType = sourcecode.c.objc; path = PlaylistDetailViewController.m; sourceTree = "<group>"; };
		6D42F45F1A855CF3003EC249 /* MusicLibrary.h */ = {isa = PBXFileReference; fileEncoding = 4; lastKnownFileType = sourcecode.c.h; path = MusicLibrary.h; sourceTree = "<group>"; };
		6D42F4601A855CF3003EC249 /* MusicLibrary.m */ = {isa = PBXFileReference; fileEncoding = 4; lastKnownFileType = sourcecode.c.objc; path = MusicLibrary.m; sourceTree = "<group>"; };
		6D42F4621A8568E5003EC249 /* Playlist.h */ = {isa = PBXFileReference; fileEncoding = 4; lastKnownFileType = sourcecode.c.h; path = Playlist.h; sourceTree = "<group>"; };
		6D42F4631A8568E5003EC249 /* Playlist.m */ = {isa = PBXFileReference; fileEncoding = 4; lastKnownFileType = sourcecode.c.objc; path = Playlist.m; sourceTree = "<group>"; };
/* End PBXFileReference section */

/* Begin PBXFrameworksBuildPhase section */
		6D42F42D1A82D479003EC249 /* Frameworks */ = {
			isa = PBXFrameworksBuildPhase;
			buildActionMask = 2147483647;
			files = (
			);
			runOnlyForDeploymentPostprocessing = 0;
		};
		6D42F4461A82D479003EC249 /* Frameworks */ = {
			isa = PBXFrameworksBuildPhase;
			buildActionMask = 2147483647;
			files = (
			);
			runOnlyForDeploymentPostprocessing = 0;
		};
/* End PBXFrameworksBuildPhase section */

/* Begin PBXGroup section */
		6D42F4271A82D479003EC249 = {
			isa = PBXGroup;
			children = (
				6D42F4321A82D479003EC249 /* Algorythm */,
				6D42F44C1A82D479003EC249 /* AlgorythmTests */,
				6D42F4311A82D479003EC249 /* Products */,
			);
			sourceTree = "<group>";
		};
		6D42F4311A82D479003EC249 /* Products */ = {
			isa = PBXGroup;
			children = (
				6D42F4301A82D479003EC249 /* Algorythm.app */,
				6D42F4491A82D479003EC249 /* AlgorythmTests.xctest */,
			);
			name = Products;
			sourceTree = "<group>";
		};
		6D42F4321A82D479003EC249 /* Algorythm */ = {
			isa = PBXGroup;
			children = (
				6D42F45C1A854A20003EC249 /* Controllers */,
				6D42F45E1A854A35003EC249 /* Model */,
				6D42F45D1A854A30003EC249 /* Views */,
				6D42F4331A82D479003EC249 /* Supporting Files */,
			);
			path = Algorythm;
			sourceTree = "<group>";
		};
		6D42F4331A82D479003EC249 /* Supporting Files */ = {
			isa = PBXGroup;
			children = (
				6D42F4371A82D479003EC249 /* AppDelegate.h */,
				6D42F4381A82D479003EC249 /* AppDelegate.m */,
				6D42F4341A82D479003EC249 /* Info.plist */,
				6D42F4351A82D479003EC249 /* main.m */,
			);
			name = "Supporting Files";
			sourceTree = "<group>";
		};
		6D42F44C1A82D479003EC249 /* AlgorythmTests */ = {
			isa = PBXGroup;
			children = (
				6D42F44F1A82D479003EC249 /* AlgorythmTests.m */,
				6D42F44D1A82D479003EC249 /* Supporting Files */,
			);
			path = AlgorythmTests;
			sourceTree = "<group>";
		};
		6D42F44D1A82D479003EC249 /* Supporting Files */ = {
			isa = PBXGroup;
			children = (
				6D42F44E1A82D479003EC249 /* Info.plist */,
			);
			name = "Supporting Files";
			sourceTree = "<group>";
		};
		6D42F45C1A854A20003EC249 /* Controllers */ = {
			isa = PBXGroup;
			children = (
				6D42F43A1A82D479003EC249 /* PlaylistMasterViewController.h */,
				6D42F43B1A82D479003EC249 /* PlaylistMasterViewController.m */,
				6D42F4591A82E00E003EC249 /* PlaylistDetailViewController.h */,
				6D42F45A1A82E00E003EC249 /* PlaylistDetailViewController.m */,
			);
			name = Controllers;
			sourceTree = "<group>";
		};
		6D42F45D1A854A30003EC249 /* Views */ = {
			isa = PBXGroup;
			children = (
				6D42F43D1A82D479003EC249 /* Main.storyboard */,
				6D42F4401A82D479003EC249 /* Images.xcassets */,
				6D42F4421A82D479003EC249 /* LaunchScreen.xib */,
			);
			name = Views;
			sourceTree = "<group>";
		};
		6D42F45E1A854A35003EC249 /* Model */ = {
			isa = PBXGroup;
			children = (
				6D42F4621A8568E5003EC249 /* Playlist.h */,
				6D42F4631A8568E5003EC249 /* Playlist.m */,
				6D42F45F1A855CF3003EC249 /* MusicLibrary.h */,
				6D42F4601A855CF3003EC249 /* MusicLibrary.m */,
			);
			name = Model;
			sourceTree = "<group>";
		};
/* End PBXGroup section */

/* Begin PBXNativeTarget section */
		6D42F42F1A82D479003EC249 /* Algorythm */ = {
			isa = PBXNativeTarget;
			buildConfigurationList = 6D42F4531A82D479003EC249 /* Build configuration list for PBXNativeTarget "Algorythm" */;
			buildPhases = (
				6D42F42C1A82D479003EC249 /* Sources */,
				6D42F42D1A82D479003EC249 /* Frameworks */,
				6D42F42E1A82D479003EC249 /* Resources */,
			);
			buildRules = (
			);
			dependencies = (
			);
			name = Algorythm;
			productName = Algorythm;
			productReference = 6D42F4301A82D479003EC249 /* Algorythm.app */;
			productType = "com.apple.product-type.application";
		};
		6D42F4481A82D479003EC249 /* AlgorythmTests */ = {
			isa = PBXNativeTarget;
			buildConfigurationList = 6D42F4561A82D479003EC249 /* Build configuration list for PBXNativeTarget "AlgorythmTests" */;
			buildPhases = (
				6D42F4451A82D479003EC249 /* Sources */,
				6D42F4461A82D479003EC249 /* Frameworks */,
				6D42F4471A82D479003EC249 /* Resources */,
			);
			buildRules = (
			);
			dependencies = (
				6D42F44B1A82D479003EC249 /* PBXTargetDependency */,
			);
			name = AlgorythmTests;
			productName = AlgorythmTests;
			productReference = 6D42F4491A82D479003EC249 /* AlgorythmTests.xctest */;
			productType = "com.apple.product-type.bundle.unit-test";
		};
/* End PBXNativeTarget section */

/* Begin PBXProject section */
		6D42F4281A82D479003EC249 /* Project object */ = {
			isa = PBXProject;
			attributes = {
				LastUpgradeCheck = 0610;
				ORGANIZATIONNAME = "Jencks, Claire";
				TargetAttributes = {
					6D42F42F1A82D479003EC249 = {
						CreatedOnToolsVersion = 6.1.1;
						DevelopmentTeam = YJBFA79FYA;
					};
					6D42F4481A82D479003EC249 = {
						CreatedOnToolsVersion = 6.1.1;
						TestTargetID = 6D42F42F1A82D479003EC249;
					};
				};
			};
			buildConfigurationList = 6D42F42B1A82D479003EC249 /* Build configuration list for PBXProject "Algorythm" */;
			compatibilityVersion = "Xcode 3.2";
			developmentRegion = English;
			hasScannedForEncodings = 0;
			knownRegions = (
				en,
				Base,
			);
			mainGroup = 6D42F4271A82D479003EC249;
			productRefGroup = 6D42F4311A82D479003EC249 /* Products */;
			projectDirPath = "";
			projectRoot = "";
			targets = (
				6D42F42F1A82D479003EC249 /* Algorythm */,
				6D42F4481A82D479003EC249 /* AlgorythmTests */,
			);
		};
/* End PBXProject section */

/* Begin PBXResourcesBuildPhase section */
		6D42F42E1A82D479003EC249 /* Resources */ = {
			isa = PBXResourcesBuildPhase;
			buildActionMask = 2147483647;
			files = (
				6D42F43F1A82D479003EC249 /* Main.storyboard in Resources */,
				6D42F4441A82D479003EC249 /* LaunchScreen.xib in Resources */,
				6D42F4411A82D479003EC249 /* Images.xcassets in Resources */,
			);
			runOnlyForDeploymentPostprocessing = 0;
		};
		6D42F4471A82D479003EC249 /* Resources */ = {
			isa = PBXResourcesBuildPhase;
			buildActionMask = 2147483647;
			files = (
			);
			runOnlyForDeploymentPostprocessing = 0;
		};
/* End PBXResourcesBuildPhase section */

/* Begin PBXSourcesBuildPhase section */
		6D42F42C1A82D479003EC249 /* Sources */ = {
			isa = PBXSourcesBuildPhase;
			buildActionMask = 2147483647;
			files = (
				6D42F43C1A82D479003EC249 /* PlaylistMasterViewController.m in Sources */,
				6D42F4641A8568E5003EC249 /* Playlist.m in Sources */,
				6D42F45B1A82E00E003EC249 /* PlaylistDetailViewController.m in Sources */,
				6D42F4391A82D479003EC249 /* AppDelegate.m in Sources */,
				6D42F4361A82D479003EC249 /* main.m in Sources */,
				6D42F4611A855CF3003EC249 /* MusicLibrary.m in Sources */,
			);
			runOnlyForDeploymentPostprocessing = 0;
		};
		6D42F4451A82D479003EC249 /* Sources */ = {
			isa = PBXSourcesBuildPhase;
			buildActionMask = 2147483647;
			files = (
				6D42F4501A82D479003EC249 /* AlgorythmTests.m in Sources */,
			);
			runOnlyForDeploymentPostprocessing = 0;
		};
/* End PBXSourcesBuildPhase section */

/* Begin PBXTargetDependency section */
		6D42F44B1A82D479003EC249 /* PBXTargetDependency */ = {
			isa = PBXTargetDependency;
			target = 6D42F42F1A82D479003EC249 /* Algorythm */;
			targetProxy = 6D42F44A1A82D479003EC249 /* PBXContainerItemProxy */;
		};
/* End PBXTargetDependency section */

/* Begin PBXVariantGroup section */
		6D42F43D1A82D479003EC249 /* Main.storyboard */ = {
			isa = PBXVariantGroup;
			children = (
				6D42F43E1A82D479003EC249 /* Base */,
			);
			name = Main.storyboard;
			sourceTree = "<group>";
		};
		6D42F4421A82D479003EC249 /* LaunchScreen.xib */ = {
			isa = PBXVariantGroup;
			children = (
				6D42F4431A82D479003EC249 /* Base */,
			);
			name = LaunchScreen.xib;
			sourceTree = "<group>";
		};
/* End PBXVariantGroup section */

/* Begin XCBuildConfiguration section */
		6D42F4511A82D479003EC249 /* Debug */ = {
			isa = XCBuildConfiguration;
			buildSettings = {
				ALWAYS_SEARCH_USER_PATHS = NO;
				CLANG_CXX_LANGUAGE_STANDARD = "gnu++0x";
				CLANG_CXX_LIBRARY = "libc++";
				CLANG_ENABLE_MODULES = YES;
				CLANG_ENABLE_OBJC_ARC = YES;
				CLANG_WARN_BOOL_CONVERSION = YES;
				CLANG_WARN_CONSTANT_CONVERSION = YES;
				CLANG_WARN_DIRECT_OBJC_ISA_USAGE = YES_ERROR;
				CLANG_WARN_EMPTY_BODY = YES;
				CLANG_WARN_ENUM_CONVERSION = YES;
				CLANG_WARN_INT_CONVERSION = YES;
				CLANG_WARN_OBJC_ROOT_CLASS = YES_ERROR;
				CLANG_WARN_UNREACHABLE_CODE = YES;
				CLANG_WARN__DUPLICATE_METHOD_MATCH = YES;
				"CODE_SIGN_IDENTITY[sdk=iphoneos*]" = "iPhone Developer";
				COPY_PHASE_STRIP = NO;
				ENABLE_STRICT_OBJC_MSGSEND = YES;
				GCC_C_LANGUAGE_STANDARD = gnu99;
				GCC_DYNAMIC_NO_PIC = NO;
				GCC_OPTIMIZATION_LEVEL = 0;
				GCC_PREPROCESSOR_DEFINITIONS = (
					"DEBUG=1",
					"$(inherited)",
				);
				GCC_SYMBOLS_PRIVATE_EXTERN = NO;
				GCC_WARN_64_TO_32_BIT_CONVERSION = YES;
				GCC_WARN_ABOUT_RETURN_TYPE = YES_ERROR;
				GCC_WARN_UNDECLARED_SELECTOR = YES;
				GCC_WARN_UNINITIALIZED_AUTOS = YES_AGGRESSIVE;
				GCC_WARN_UNUSED_FUNCTION = YES;
				GCC_WARN_UNUSED_VARIABLE = YES;
				IPHONEOS_DEPLOYMENT_TARGET = 8.1;
				MTL_ENABLE_DEBUG_INFO = YES;
				ONLY_ACTIVE_ARCH = YES;
				SDKROOT = iphoneos;
				TARGETED_DEVICE_FAMILY = "1,2";
			};
			name = Debug;
		};
		6D42F4521A82D479003EC249 /* Release */ = {
			isa = XCBuildConfiguration;
			buildSettings = {
				ALWAYS_SEARCH_USER_PATHS = NO;
				CLANG_CXX_LANGUAGE_STANDARD = "gnu++0x";
				CLANG_CXX_LIBRARY = "libc++";
				CLANG_ENABLE_MODULES = YES;
				CLANG_ENABLE_OBJC_ARC = YES;
				CLANG_WARN_BOOL_CONVERSION = YES;
				CLANG_WARN_CONSTANT_CONVERSION = YES;
				CLANG_WARN_DIRECT_OBJC_ISA_USAGE = YES_ERROR;
				CLANG_WARN_EMPTY_BODY = YES;
				CLANG_WARN_ENUM_CONVERSION = YES;
				CLANG_WARN_INT_CONVERSION = YES;
				CLANG_WARN_OBJC_ROOT_CLASS = YES_ERROR;
				CLANG_WARN_UNREACHABLE_CODE = YES;
				CLANG_WARN__DUPLICATE_METHOD_MATCH = YES;
				"CODE_SIGN_IDENTITY[sdk=iphoneos*]" = "iPhone Developer";
				COPY_PHASE_STRIP = YES;
				ENABLE_NS_ASSERTIONS = NO;
				ENABLE_STRICT_OBJC_MSGSEND = YES;
				GCC_C_LANGUAGE_STANDARD = gnu99;
				GCC_WARN_64_TO_32_BIT_CONVERSION = YES;
				GCC_WARN_ABOUT_RETURN_TYPE = YES_ERROR;
				GCC_WARN_UNDECLARED_SELECTOR = YES;
				GCC_WARN_UNINITIALIZED_AUTOS = YES_AGGRESSIVE;
				GCC_WARN_UNUSED_FUNCTION = YES;
				GCC_WARN_UNUSED_VARIABLE = YES;
				IPHONEOS_DEPLOYMENT_TARGET = 8.1;
				MTL_ENABLE_DEBUG_INFO = NO;
				SDKROOT = iphoneos;
				TARGETED_DEVICE_FAMILY = "1,2";
				VALIDATE_PRODUCT = YES;
			};
			name = Release;
		};
		6D42F4541A82D479003EC249 /* Debug */ = {
			isa = XCBuildConfiguration;
			buildSettings = {
				ASSETCATALOG_COMPILER_APPICON_NAME = AppIcon;
				INFOPLIST_FILE = Algorythm/Info.plist;
				LD_RUNPATH_SEARCH_PATHS = "$(inherited) @executable_path/Frameworks";
				PRODUCT_NAME = "$(TARGET_NAME)";
			};
			name = Debug;
		};
		6D42F4551A82D479003EC249 /* Release */ = {
			isa = XCBuildConfiguration;
			buildSettings = {
				ASSETCATALOG_COMPILER_APPICON_NAME = AppIcon;
				INFOPLIST_FILE = Algorythm/Info.plist;
				LD_RUNPATH_SEARCH_PATHS = "$(inherited) @executable_path/Frameworks";
				PRODUCT_NAME = "$(TARGET_NAME)";
			};
			name = Release;
		};
		6D42F4571A82D479003EC249 /* Debug */ = {
			isa = XCBuildConfiguration;
			buildSettings = {
				BUNDLE_LOADER = "$(TEST_HOST)";
				FRAMEWORK_SEARCH_PATHS = (
					"$(SDKROOT)/Developer/Library/Frameworks",
					"$(inherited)",
				);
				GCC_PREPROCESSOR_DEFINITIONS = (
					"DEBUG=1",
					"$(inherited)",
				);
				INFOPLIST_FILE = AlgorythmTests/Info.plist;
				LD_RUNPATH_SEARCH_PATHS = "$(inherited) @executable_path/Frameworks @loader_path/Frameworks";
				PRODUCT_NAME = "$(TARGET_NAME)";
				TEST_HOST = "$(BUILT_PRODUCTS_DIR)/Algorythm.app/Algorythm";
			};
			name = Debug;
		};
		6D42F4581A82D479003EC249 /* Release */ = {
			isa = XCBuildConfiguration;
			buildSettings = {
				BUNDLE_LOADER = "$(TEST_HOST)";
				FRAMEWORK_SEARCH_PATHS = (
					"$(SDKROOT)/Developer/Library/Frameworks",
					"$(inherited)",
				);
				INFOPLIST_FILE = AlgorythmTests/Info.plist;
				LD_RUNPATH_SEARCH_PATHS = "$(inherited) @executable_path/Frameworks @loader_path/Frameworks";
				PRODUCT_NAME = "$(TARGET_NAME)";
				TEST_HOST = "$(BUILT_PRODUCTS_DIR)/Algorythm.app/Algorythm";
			};
			name = Release;
		};
/* End XCBuildConfiguration section */

/* Begin XCConfigurationList section */
		6D42F42B1A82D479003EC249 /* Build configuration list for PBXProject "Algorythm" */ = {
			isa = XCConfigurationList;
			buildConfigurations = (
				6D42F4511A82D479003EC249 /* Debug */,
				6D42F4521A82D479003EC249 /* Release */,
			);
			defaultConfigurationIsVisible = 0;
			defaultConfigurationName = Release;
		};
		6D42F4531A82D479003EC249 /* Build configuration list for PBXNativeTarget "Algorythm" */ = {
			isa = XCConfigurationList;
			buildConfigurations = (
				6D42F4541A82D479003EC249 /* Debug */,
				6D42F4551A82D479003EC249 /* Release */,
			);
			defaultConfigurationIsVisible = 0;
		};
		6D42F4561A82D479003EC249 /* Build configuration list for PBXNativeTarget "AlgorythmTests" */ = {
			isa = XCConfigurationList;
			buildConfigurations = (
				6D42F4571A82D479003EC249 /* Debug */,
				6D42F4581A82D479003EC249 /* Release */,
			);
			defaultConfigurationIsVisible = 0;
		};
/* End XCConfigurationList section */
	};
	rootObject = 6D42F4281A82D479003EC249 /* Project object */;
}
